{
  "name": "base64-and-other-coders",
  "version": "1.0.0",
  "lockfileVersion": 1,
  "requires": true,
  "dependencies": {
    "console-in-transformer": {
      "version": "1.0.2",
      "resolved": "https://registry.npmjs.org/console-in-transformer/-/console-in-transformer-1.0.2.tgz",
      "integrity": "sha512-r5pdB5GJYpdoaAWTouDIiKU15XEgKIX7O1PhCNz5sjRlyB5LCjI7C0D7/HaJzK03q7HSmz+hEDWh7zAeZZ15Rg=="
    },
    "lodash": {
      "version": "4.17.4",
      "resolved": "https://registry.npmjs.org/lodash/-/lodash-4.17.4.tgz",
      "integrity": "sha1-eCA6TRwyiuHYbcpkYONptX9AVa4="
    }
  }
}
